<?xml version="1.0" encoding="utf-8"?>
<Project ToolsVersion="4.0" xmlns="http://schemas.microsoft.com/developer/msbuild/2003">
  <ItemGroup>
    <Filter Include="Source Files">
      <UniqueIdentifier>{4FC737F1-C7A5-4376-A066-2A32D752A2FF}</UniqueIdentifier>
      <Extensions>cpp;c;cc;cxx;def;odl;idl;hpj;bat;asm;asmx</Extensions>
    </Filter>
    <Filter Include="Header Files">
      <UniqueIdentifier>{93995380-89BD-4b04-88EB-625FBE52EBFB}</UniqueIdentifier>
      <Extensions>h;hh;hpp;hxx;hm;inl;inc;xsd</Extensions>
    </Filter>
    <Filter Include="Resource Files">
      <UniqueIdentifier>{67DA6AB6-F800-4c08-8B7A-83BB121AAD01}</UniqueIdentifier>
      <Extensions>rc;ico;cur;bmp;dlg;rc2;rct;bin;rgs;gif;jpg;jpeg;jpe;resx;tiff;tif;png;wav;mfcribbon-ms</Extensions>
    </Filter>
  </ItemGroup>
  <ItemGroup>
    <ClCompile Include="MyForm.cpp">
      <Filter>Source Files</Filter>
    </ClCompile>
    <ClCompile Include="Bala.cpp">
      <Filter>Source Files</Filter>
    </ClCompile>
    <ClCompile Include="Colision.cpp">
      <Filter>Source Files</Filter>
    </ClCompile>
    <ClCompile Include="Jugador.cpp">
      <Filter>Source Files</Filter>
    </ClCompile>
    <ClCompile Include="Enemigo.cpp">
      <Filter>Source Files</Filter>
    </ClCompile>
    <ClCompile Include="Stage.cpp">
      <Filter>Source Files</Filter>
    </ClCompile>
    <ClCompile Include="ArregloBalas.cpp">
      <Filter>Source Files</Filter>
    </ClCompile>
    <ClCompile Include="Nadador.cpp">
      <Filter>Source Files</Filter>
    </ClCompile>
    <ClCompile Include="Caminante.cpp">
      <Filter>Source Files</Filter>
    </ClCompile>
    <ClCompile Include="Robot.cpp">
      <Filter>Source Files</Filter>
    </ClCompile>
    <ClCompile Include="Pez.cpp">
      <Filter>Source Files</Filter>
    </ClCompile>
    <ClCompile Include="ArregloPez.cpp">
      <Filter>Source Files</Filter>
    </ClCompile>
  </ItemGroup>
  <ItemGroup>
    <ClInclude Include="MyForm.h">
      <Filter>Header Files</Filter>
    </ClInclude>
    <ClInclude Include="Bala.h">
      <Filter>Header Files</Filter>
    </ClInclude>
    <ClInclude Include="Colision.h">
      <Filter>Header Files</Filter>
    </ClInclude>
    <ClInclude Include="Jugador.h">
      <Filter>Header Files</Filter>
    </ClInclude>
    <ClInclude Include="Enemigo.h">
      <Filter>Header Files</Filter>
    </ClInclude>
    <ClInclude Include="Stage.h">
      <Filter>Header Files</Filter>
    </ClInclude>
    <ClInclude Include="ArregloBalas.h">
      <Filter>Header Files</Filter>
    </ClInclude>
    <ClInclude Include="resource.h">
      <Filter>Header Files</Filter>
    </ClInclude>
    <ClInclude Include="Nadador.h">
      <Filter>Header Files</Filter>
    </ClInclude>
    <ClInclude Include="Caminante.h">
      <Filter>Header Files</Filter>
    </ClInclude>
    <ClInclude Include="Robot.h">
      <Filter>Header Files</Filter>
    </ClInclude>
    <ClInclude Include="Pez.h">
      <Filter>Header Files</Filter>
    </ClInclude>
    <ClInclude Include="ArregloPez.h">
      <Filter>Header Files</Filter>
    </ClInclude>
  </ItemGroup>
  <ItemGroup>
    <ResourceCompile Include="megatarzan.rc">
      <Filter>Resource Files</Filter>
    </ResourceCompile>
  </ItemGroup>
  <ItemGroup>
    <Image Include="bala.bmp">
      <Filter>Resource Files</Filter>
    </Image>
    <Image Include="enemigo.bmp">
      <Filter>Resource Files</Filter>
    </Image>
    <Image Include="fondo.bmp">
      <Filter>Resource Files</Filter>
    </Image>
    <Image Include="fondo_mina.bmp">
      <Filter>Resource Files</Filter>
    </Image>
    <Image Include="megaman.bmp">
      <Filter>Resource Files</Filter>
    </Image>
    <Image Include="plataforma.bmp">
      <Filter>Resource Files</Filter>
    </Image>
    <Image Include="plataforma_mina.bmp">
      <Filter>Resource Files</Filter>
    </Image>
    <Image Include="fondo_bosque.bmp">
      <Filter>Resource Files</Filter>
    </Image>
    <Image Include="plataforma_bosque.bmp">
      <Filter>Resource Files</Filter>
    </Image>
    <Image Include="fondo_cielo.bmp">
      <Filter>Resource Files</Filter>
    </Image>
    <Image Include="fondo_mar.bmp">
      <Filter>Resource Files</Filter>
    </Image>
    <Image Include="plataforma_mar.bmp">
      <Filter>Resource Files</Filter>
    </Image>
    <Image Include="enemigo_pez.bmp">
      <Filter>Resource Files</Filter>
    </Image>
  </ItemGroup>
  <ItemGroup>
    <EmbeddedResource Include="MyForm.resx">
      <Filter>Resource Files</Filter>
    </EmbeddedResource>
  </ItemGroup>
</Project>